
Microsoft Visual Studio Solution File, Format Version 12.00
# Visual Studio Version 16
VisualStudioVersion = 16.0.31402.337
MinimumVisualStudioVersion = 10.0.40219.1
Project("{FAE04EC0-301F-11D3-BF4B-00C04F79EFBC}") = "CustomerProducts", "CustomerProducts\CustomerProducts.csproj", "{C4DA33EA-CA23-46A0-821C-6B6B62A0081E}"
EndProject
Project("{FAE04EC0-301F-11D3-BF4B-00C04F79EFBC}") = "CustomerProducts.Data", "CustomerProducts.Data\CustomerProducts.Data.csproj", "{D15B9860-A390-4C8A-8B56-5254914509CF}"
EndProject
Global
	GlobalSection(SolutionConfigurationPlatforms) = preSolution
		Debug|Any CPU = Debug|Any CPU
		Release|Any CPU = Release|Any CPU
	EndGlobalSection
	GlobalSection(ProjectConfigurationPlatforms) = postSolution
		{C4DA33EA-CA23-46A0-821C-6B6B62A0081E}.Debug|Any CPU.ActiveCfg = Debug|Any CPU
		{C4DA33EA-CA23-46A0-821C-6B6B62A0081E}.Debug|Any CPU.Build.0 = Debug|Any CPU
		{C4DA33EA-CA23-46A0-821C-6B6B62A0081E}.Release|Any CPU.ActiveCfg = Release|Any CPU
		{C4DA33EA-CA23-46A0-821C-6B6B62A0081E}.Release|Any CPU.Build.0 = Release|Any CPU
		{D15B9860-A390-4C8A-8B56-5254914509CF}.Debug|Any CPU.ActiveCfg = Debug|Any CPU
		{D15B9860-A390-4C8A-8B56-5254914509CF}.Debug|Any CPU.Build.0 = Debug|Any CPU
		{D15B9860-A390-4C8A-8B56-5254914509CF}.Release|Any CPU.ActiveCfg = Release|Any CPU
		{D15B9860-A390-4C8A-8B56-5254914509CF}.Release|Any CPU.Build.0 = Release|Any CPU
	EndGlobalSection
	GlobalSection(SolutionProperties) = preSolution
		HideSolutionNode = FALSE
	EndGlobalSection
	GlobalSection(ExtensibilityGlobals) = postSolution
		SolutionGuid = {A7409A5C-5B04-4078-95B1-3B6CECAFC2C8}
	EndGlobalSection
EndGlobal
